
Microsoft Visual Studio Solution File, Format Version 9.00
# Visual Studio 2005
Project("{8BC9CEB8-8B4A-11D0-8D11-00A0C91BC942}") = "decrypt_encrypt", "decrypt_encrypt\decrypt_encrypt.vcproj", "{FF216A15-7BAE-4FFD-8824-F3B71D8BCD69}"
EndProject
Global
	GlobalSection(SolutionConfigurationPlatforms) = preSolution
		Debug|Win32 = Debug|Win32
		Release|Win32 = Release|Win32
	EndGlobalSection
	GlobalSection(ProjectConfigurationPlatforms) = postSolution
		{FF216A15-7BAE-4FFD-8824-F3B71D8BCD69}.Debug|Win32.ActiveCfg = Debug|Win32
		{FF216A15-7BAE-4FFD-8824-F3B71D8BCD69}.Debug|Win32.Build.0 = Debug|Win32
		{FF216A15-7BAE-4FFD-8824-F3B71D8BCD69}.Release|Win32.ActiveCfg = Release|Win32
		{FF216A15-7BAE-4FFD-8824-F3B71D8BCD69}.Release|Win32.Build.0 = Release|Win32
	EndGlobalSection
	GlobalSection(SolutionProperties) = preSolution
		HideSolutionNode = FALSE
	EndGlobalSection
EndGlobal
